{
  "requires": true,
  "lockfileVersion": 1,
  "dependencies": {
    "angular-font-awesome": {
      "version": "3.1.2",
      "resolved": "https://registry.npmjs.org/angular-font-awesome/-/angular-font-awesome-3.1.2.tgz",
      "integrity": "sha512-fgNL2jdhBmapaCS9MrcI33LyoYHH4WL9gIL59y334wBnKDZB6JgDRiImbCoNchEm1wFBbVwr9b7cWuQkV0dwEg=="
    }
  }
}
